
Microsoft Visual Studio Solution File, Format Version 12.00
# Visual Studio 15
VisualStudioVersion = 15.0.28306.52
MinimumVisualStudioVersion = 10.0.40219.1
Project("{FAE04EC0-301F-11D3-BF4B-00C04F79EFBC}") = "ActivityLockerServer", "ActivityLockerServer\ActivityLockerServer.csproj", "{CC1F7D65-7F75-4460-B213-35723D8DAC76}"
EndProject
Global
	GlobalSection(SolutionConfigurationPlatforms) = preSolution
		Debug|Any CPU = Debug|Any CPU
		Release|Any CPU = Release|Any CPU
	EndGlobalSection
	GlobalSection(ProjectConfigurationPlatforms) = postSolution
		{CC1F7D65-7F75-4460-B213-35723D8DAC76}.Debug|Any CPU.ActiveCfg = Debug|Any CPU
		{CC1F7D65-7F75-4460-B213-35723D8DAC76}.Debug|Any CPU.Build.0 = Debug|Any CPU
		{CC1F7D65-7F75-4460-B213-35723D8DAC76}.Release|Any CPU.ActiveCfg = Release|Any CPU
		{CC1F7D65-7F75-4460-B213-35723D8DAC76}.Release|Any CPU.Build.0 = Release|Any CPU
	EndGlobalSection
	GlobalSection(SolutionProperties) = preSolution
		HideSolutionNode = FALSE
	EndGlobalSection
	GlobalSection(ExtensibilityGlobals) = postSolution
		SolutionGuid = {F8DBC098-5D92-4E47-ADF1-66D1FBA25E7F}
	EndGlobalSection
EndGlobal
